
Microsoft Visual Studio Solution File, Format Version 12.00
# Visual Studio Version 16
VisualStudioVersion = 16.0.30804.86
MinimumVisualStudioVersion = 10.0.40219.1
Project("{FAE04EC0-301F-11D3-BF4B-00C04F79EFBC}") = "3.2Practice", "3.2Practice.csproj", "{3C875B5C-170E-4683-85D9-32E5A5B19100}"
EndProject
Global
	GlobalSection(SolutionConfigurationPlatforms) = preSolution
		Debug|Any CPU = Debug|Any CPU
		Release|Any CPU = Release|Any CPU
	EndGlobalSection
	GlobalSection(ProjectConfigurationPlatforms) = postSolution
		{3C875B5C-170E-4683-85D9-32E5A5B19100}.Debug|Any CPU.ActiveCfg = Debug|Any CPU
		{3C875B5C-170E-4683-85D9-32E5A5B19100}.Debug|Any CPU.Build.0 = Debug|Any CPU
		{3C875B5C-170E-4683-85D9-32E5A5B19100}.Release|Any CPU.ActiveCfg = Release|Any CPU
		{3C875B5C-170E-4683-85D9-32E5A5B19100}.Release|Any CPU.Build.0 = Release|Any CPU
	EndGlobalSection
	GlobalSection(SolutionProperties) = preSolution
		HideSolutionNode = FALSE
	EndGlobalSection
	GlobalSection(ExtensibilityGlobals) = postSolution
		SolutionGuid = {CFA57B8F-6608-4FDD-B56C-28CD0663B868}
	EndGlobalSection
EndGlobal
